
Microsoft Visual Studio Solution File, Format Version 12.00
# Visual Studio 15
VisualStudioVersion = 15.0.28307.852
MinimumVisualStudioVersion = 10.0.40219.1
Project("{FAE04EC0-301F-11D3-BF4B-00C04F79EFBC}") = "ProductMan.API", "ProductMan.API\ProductMan.API.csproj", "{3891A9D1-166B-48AB-9E23-0FAC4B600EA3}"
EndProject
Project("{FAE04EC0-301F-11D3-BF4B-00C04F79EFBC}") = "ProductMan.API.UnitTests", "ProductMan.API.UnitTests\ProductMan.API.UnitTests.csproj", "{014B0E7B-1E29-4A3F-9E61-363A3404D2F3}"
EndProject
Global
	GlobalSection(SolutionConfigurationPlatforms) = preSolution
		Debug|Any CPU = Debug|Any CPU
		Release|Any CPU = Release|Any CPU
	EndGlobalSection
	GlobalSection(ProjectConfigurationPlatforms) = postSolution
		{3891A9D1-166B-48AB-9E23-0FAC4B600EA3}.Debug|Any CPU.ActiveCfg = Debug|Any CPU
		{3891A9D1-166B-48AB-9E23-0FAC4B600EA3}.Debug|Any CPU.Build.0 = Debug|Any CPU
		{3891A9D1-166B-48AB-9E23-0FAC4B600EA3}.Release|Any CPU.ActiveCfg = Release|Any CPU
		{3891A9D1-166B-48AB-9E23-0FAC4B600EA3}.Release|Any CPU.Build.0 = Release|Any CPU
		{014B0E7B-1E29-4A3F-9E61-363A3404D2F3}.Debug|Any CPU.ActiveCfg = Debug|Any CPU
		{014B0E7B-1E29-4A3F-9E61-363A3404D2F3}.Debug|Any CPU.Build.0 = Debug|Any CPU
		{014B0E7B-1E29-4A3F-9E61-363A3404D2F3}.Release|Any CPU.ActiveCfg = Release|Any CPU
		{014B0E7B-1E29-4A3F-9E61-363A3404D2F3}.Release|Any CPU.Build.0 = Release|Any CPU
	EndGlobalSection
	GlobalSection(SolutionProperties) = preSolution
		HideSolutionNode = FALSE
	EndGlobalSection
	GlobalSection(ExtensibilityGlobals) = postSolution
		SolutionGuid = {A8AD8684-C190-4CCE-B91B-116B35FA0905}
	EndGlobalSection
EndGlobal
